// !$*UTF8*$!
{
	archiveVersion = 1;
	classes = {
	};
	objectVersion = 55;
	objects = {

/* Begin PBXBuildFile section */
		4C36E57127E61CE800EA1E35 /* Extensions.swift in Sources */ = {isa = PBXBuildFile; fileRef = 4C36E57027E61CE800EA1E35 /* Extensions.swift */; };
		4C36E57527E61ED900EA1E35 /* TodoListController.swift in Sources */ = {isa = PBXBuildFile; fileRef = 4C36E57427E61ED900EA1E35 /* TodoListController.swift */; };
		4C36E57927E622F700EA1E35 /* CallListController.swift in Sources */ = {isa = PBXBuildFile; fileRef = 4C36E57827E622F700EA1E35 /* CallListController.swift */; };
		4C36E57C27E627FC00EA1E35 /* TodoListViewModel.swift in Sources */ = {isa = PBXBuildFile; fileRef = 4C36E57B27E627FC00EA1E35 /* TodoListViewModel.swift */; };
		4C36E57F27E62C8B00EA1E35 /* AppDIContainer.swift in Sources */ = {isa = PBXBuildFile; fileRef = 4C36E57E27E62C8B00EA1E35 /* AppDIContainer.swift */; };
		4C36E58127E62CC500EA1E35 /* TodoAppSceneDIContainer.swift in Sources */ = {isa = PBXBuildFile; fileRef = 4C36E58027E62CC500EA1E35 /* TodoAppSceneDIContainer.swift */; };
		4C36E58427E62D2400EA1E35 /* TodoListFlowCoordinator.swift in Sources */ = {isa = PBXBuildFile; fileRef = 4C36E58327E62D2400EA1E35 /* TodoListFlowCoordinator.swift */; };
		4C36E58627E62F0600EA1E35 /* AppFlowCoordinator.swift in Sources */ = {isa = PBXBuildFile; fileRef = 4C36E58527E62F0600EA1E35 /* AppFlowCoordinator.swift */; };
		4C771EC827E614D80071B8CC /* AppDelegate.swift in Sources */ = {isa = PBXBuildFile; fileRef = 4C771EC727E614D80071B8CC /* AppDelegate.swift */; };
		4C771ECA27E614D80071B8CC /* SceneDelegate.swift in Sources */ = {isa = PBXBuildFile; fileRef = 4C771EC927E614D80071B8CC /* SceneDelegate.swift */; };
		4C771ECC27E614D80071B8CC /* ViewController.swift in Sources */ = {isa = PBXBuildFile; fileRef = 4C771ECB27E614D80071B8CC /* ViewController.swift */; };
		4C771ECF27E614D80071B8CC /* Main.storyboard in Resources */ = {isa = PBXBuildFile; fileRef = 4C771ECD27E614D80071B8CC /* Main.storyboard */; };
		4C771ED227E614D80071B8CC /* TodoApp.xcdatamodeld in Sources */ = {isa = PBXBuildFile; fileRef = 4C771ED027E614D80071B8CC /* TodoApp.xcdatamodeld */; };
		4C771ED427E614D90071B8CC /* Assets.xcassets in Resources */ = {isa = PBXBuildFile; fileRef = 4C771ED327E614D90071B8CC /* Assets.xcassets */; };
		4C771ED727E614D90071B8CC /* LaunchScreen.storyboard in Resources */ = {isa = PBXBuildFile; fileRef = 4C771ED527E614D90071B8CC /* LaunchScreen.storyboard */; };
		4C771EE227E614D90071B8CC /* TodoAppTests.swift in Sources */ = {isa = PBXBuildFile; fileRef = 4C771EE127E614D90071B8CC /* TodoAppTests.swift */; };
		4C771EEC27E614DA0071B8CC /* TodoAppUITests.swift in Sources */ = {isa = PBXBuildFile; fileRef = 4C771EEB27E614DA0071B8CC /* TodoAppUITests.swift */; };
		4C771EEE27E614DA0071B8CC /* TodoAppUITestsLaunchTests.swift in Sources */ = {isa = PBXBuildFile; fileRef = 4C771EED27E614DA0071B8CC /* TodoAppUITestsLaunchTests.swift */; };
		4C83351727E6D8A200A2299F /* AppConfig.swift in Sources */ = {isa = PBXBuildFile; fileRef = 4C83351627E6D8A200A2299F /* AppConfig.swift */; };
		4C83351927E6D98E00A2299F /* NetworkConfig.swift in Sources */ = {isa = PBXBuildFile; fileRef = 4C83351827E6D98E00A2299F /* NetworkConfig.swift */; };
		4C83351B27E6DAA000A2299F /* Endpoint.swift in Sources */ = {isa = PBXBuildFile; fileRef = 4C83351A27E6DAA000A2299F /* Endpoint.swift */; };
		4C83351D27E6DB4500A2299F /* NetworkService.swift in Sources */ = {isa = PBXBuildFile; fileRef = 4C83351C27E6DB4500A2299F /* NetworkService.swift */; };
		4C83351F27E6DB5600A2299F /* DataTransferService.swift in Sources */ = {isa = PBXBuildFile; fileRef = 4C83351E27E6DB5600A2299F /* DataTransferService.swift */; };
/* End PBXBuildFile section */

/* Begin PBXContainerItemProxy section */
		4C771EDE27E614D90071B8CC /* PBXContainerItemProxy */ = {
			isa = PBXContainerItemProxy;
			containerPortal = 4C771EBC27E614D80071B8CC /* Project object */;
			proxyType = 1;
			remoteGlobalIDString = 4C771EC327E614D80071B8CC;
			remoteInfo = TodoApp;
		};
		4C771EE827E614DA0071B8CC /* PBXContainerItemProxy */ = {
			isa = PBXContainerItemProxy;
			containerPortal = 4C771EBC27E614D80071B8CC /* Project object */;
			proxyType = 1;
			remoteGlobalIDString = 4C771EC327E614D80071B8CC;
			remoteInfo = TodoApp;
		};
/* End PBXContainerItemProxy section */

/* Begin PBXFileReference section */
		4C36E57027E61CE800EA1E35 /* Extensions.swift */ = {isa = PBXFileReference; lastKnownFileType = sourcecode.swift; path = Extensions.swift; sourceTree = "<group>"; };
		4C36E57427E61ED900EA1E35 /* TodoListController.swift */ = {isa = PBXFileReference; lastKnownFileType = sourcecode.swift; path = TodoListController.swift; sourceTree = "<group>"; };
		4C36E57827E622F700EA1E35 /* CallListController.swift */ = {isa = PBXFileReference; lastKnownFileType = sourcecode.swift; path = CallListController.swift; sourceTree = "<group>"; };
		4C36E57B27E627FC00EA1E35 /* TodoListViewModel.swift */ = {isa = PBXFileReference; lastKnownFileType = sourcecode.swift; path = TodoListViewModel.swift; sourceTree = "<group>"; };
		4C36E57E27E62C8B00EA1E35 /* AppDIContainer.swift */ = {isa = PBXFileReference; lastKnownFileType = sourcecode.swift; path = AppDIContainer.swift; sourceTree = "<group>"; };
		4C36E58027E62CC500EA1E35 /* TodoAppSceneDIContainer.swift */ = {isa = PBXFileReference; lastKnownFileType = sourcecode.swift; path = TodoAppSceneDIContainer.swift; sourceTree = "<group>"; };
		4C36E58327E62D2400EA1E35 /* TodoListFlowCoordinator.swift */ = {isa = PBXFileReference; lastKnownFileType = sourcecode.swift; path = TodoListFlowCoordinator.swift; sourceTree = "<group>"; };
		4C36E58527E62F0600EA1E35 /* AppFlowCoordinator.swift */ = {isa = PBXFileReference; lastKnownFileType = sourcecode.swift; path = AppFlowCoordinator.swift; sourceTree = "<group>"; };
		4C771EC427E614D80071B8CC /* TodoApp.app */ = {isa = PBXFileReference; explicitFileType = wrapper.application; includeInIndex = 0; path = TodoApp.app; sourceTree = BUILT_PRODUCTS_DIR; };
		4C771EC727E614D80071B8CC /* AppDelegate.swift */ = {isa = PBXFileReference; lastKnownFileType = sourcecode.swift; path = AppDelegate.swift; sourceTree = "<group>"; };
		4C771EC927E614D80071B8CC /* SceneDelegate.swift */ = {isa = PBXFileReference; lastKnownFileType = sourcecode.swift; path = SceneDelegate.swift; sourceTree = "<group>"; };
		4C771ECB27E614D80071B8CC /* ViewController.swift */ = {isa = PBXFileReference; lastKnownFileType = sourcecode.swift; path = ViewController.swift; sourceTree = "<group>"; };
		4C771ECE27E614D80071B8CC /* Base */ = {isa = PBXFileReference; lastKnownFileType = file.storyboard; name = Base; path = Base.lproj/Main.storyboard; sourceTree = "<group>"; };
		4C771ED127E614D80071B8CC /* TodoApp.xcdatamodel */ = {isa = PBXFileReference; lastKnownFileType = wrapper.xcdatamodel; path = TodoApp.xcdatamodel; sourceTree = "<group>"; };
		4C771ED327E614D90071B8CC /* Assets.xcassets */ = {isa = PBXFileReference; lastKnownFileType = folder.assetcatalog; path = Assets.xcassets; sourceTree = "<group>"; };
		4C771ED627E614D90071B8CC /* Base */ = {isa = PBXFileReference; lastKnownFileType = file.storyboard; name = Base; path = Base.lproj/LaunchScreen.storyboard; sourceTree = "<group>"; };
		4C771ED827E614D90071B8CC /* Info.plist */ = {isa = PBXFileReference; lastKnownFileType = text.plist.xml; path = Info.plist; sourceTree = "<group>"; };
		4C771EDD27E614D90071B8CC /* TodoAppTests.xctest */ = {isa = PBXFileReference; explicitFileType = wrapper.cfbundle; includeInIndex = 0; path = TodoAppTests.xctest; sourceTree = BUILT_PRODUCTS_DIR; };
		4C771EE127E614D90071B8CC /* TodoAppTests.swift */ = {isa = PBXFileReference; lastKnownFileType = sourcecode.swift; path = TodoAppTests.swift; sourceTree = "<group>"; };
		4C771EE727E614DA0071B8CC /* TodoAppUITests.xctest */ = {isa = PBXFileReference; explicitFileType = wrapper.cfbundle; includeInIndex = 0; path = TodoAppUITests.xctest; sourceTree = BUILT_PRODUCTS_DIR; };
		4C771EEB27E614DA0071B8CC /* TodoAppUITests.swift */ = {isa = PBXFileReference; lastKnownFileType = sourcecode.swift; path = TodoAppUITests.swift; sourceTree = "<group>"; };
		4C771EED27E614DA0071B8CC /* TodoAppUITestsLaunchTests.swift */ = {isa = PBXFileReference; lastKnownFileType = sourcecode.swift; path = TodoAppUITestsLaunchTests.swift; sourceTree = "<group>"; };
		4C83351627E6D8A200A2299F /* AppConfig.swift */ = {isa = PBXFileReference; lastKnownFileType = sourcecode.swift; path = AppConfig.swift; sourceTree = "<group>"; };
		4C83351827E6D98E00A2299F /* NetworkConfig.swift */ = {isa = PBXFileReference; lastKnownFileType = sourcecode.swift; path = NetworkConfig.swift; sourceTree = "<group>"; };
		4C83351A27E6DAA000A2299F /* Endpoint.swift */ = {isa = PBXFileReference; lastKnownFileType = sourcecode.swift; path = Endpoint.swift; sourceTree = "<group>"; };
		4C83351C27E6DB4500A2299F /* NetworkService.swift */ = {isa = PBXFileReference; lastKnownFileType = sourcecode.swift; path = NetworkService.swift; sourceTree = "<group>"; };
		4C83351E27E6DB5600A2299F /* DataTransferService.swift */ = {isa = PBXFileReference; lastKnownFileType = sourcecode.swift; path = DataTransferService.swift; sourceTree = "<group>"; };
/* End PBXFileReference section */

/* Begin PBXFrameworksBuildPhase section */
		4C771EC127E614D80071B8CC /* Frameworks */ = {
			isa = PBXFrameworksBuildPhase;
			buildActionMask = 2147483647;
			files = (
			);
			runOnlyForDeploymentPostprocessing = 0;
		};
		4C771EDA27E614D90071B8CC /* Frameworks */ = {
			isa = PBXFrameworksBuildPhase;
			buildActionMask = 2147483647;
			files = (
			);
			runOnlyForDeploymentPostprocessing = 0;
		};
		4C771EE427E614DA0071B8CC /* Frameworks */ = {
			isa = PBXFrameworksBuildPhase;
			buildActionMask = 2147483647;
			files = (
			);
			runOnlyForDeploymentPostprocessing = 0;
		};
/* End PBXFrameworksBuildPhase section */

/* Begin PBXGroup section */
		4C36E56627E61C2500EA1E35 /* Resources */ = {
			isa = PBXGroup;
			children = (
			);
			path = Resources;
			sourceTree = "<group>";
		};
		4C36E56727E61C3C00EA1E35 /* Common */ = {
			isa = PBXGroup;
			children = (
			);
			path = Common;
			sourceTree = "<group>";
		};
		4C36E56827E61C4800EA1E35 /* Network */ = {
			isa = PBXGroup;
			children = (
				4C83351A27E6DAA000A2299F /* Endpoint.swift */,
				4C83351827E6D98E00A2299F /* NetworkConfig.swift */,
				4C83351C27E6DB4500A2299F /* NetworkService.swift */,
				4C83351E27E6DB5600A2299F /* DataTransferService.swift */,
			);
			path = Network;
			sourceTree = "<group>";
		};
		4C36E56927E61C5700EA1E35 /* Data */ = {
			isa = PBXGroup;
			children = (
			);
			path = Data;
			sourceTree = "<group>";
		};
		4C36E56A27E61C5B00EA1E35 /* Domain */ = {
			isa = PBXGroup;
			children = (
			);
			path = Domain;
			sourceTree = "<group>";
		};
		4C36E56B27E61C6000EA1E35 /* Presentation */ = {
			isa = PBXGroup;
			children = (
				4C36E56E27E61C9100EA1E35 /* TodoAppScene */,
				4C36E56D27E61C8E00EA1E35 /* Utils */,
			);
			path = Presentation;
			sourceTree = "<group>";
		};
		4C36E56C27E61C6300EA1E35 /* Application */ = {
			isa = PBXGroup;
			children = (
				4C83351627E6D8A200A2299F /* AppConfig.swift */,
				4C36E58527E62F0600EA1E35 /* AppFlowCoordinator.swift */,
				4C36E57D27E62C7E00EA1E35 /* DIContainer */,
			);
			path = Application;
			sourceTree = "<group>";
		};
		4C36E56D27E61C8E00EA1E35 /* Utils */ = {
			isa = PBXGroup;
			children = (
				4C36E57027E61CE800EA1E35 /* Extensions.swift */,
			);
			path = Utils;
			sourceTree = "<group>";
		};
		4C36E56E27E61C9100EA1E35 /* TodoAppScene */ = {
			isa = PBXGroup;
			children = (
				4C36E58227E62CEF00EA1E35 /* Flow */,
				4C36E57627E622C100EA1E35 /* CallList */,
				4C36E57227E61D8400EA1E35 /* TodoList */,
			);
			path = TodoAppScene;
			sourceTree = "<group>";
		};
		4C36E57227E61D8400EA1E35 /* TodoList */ = {
			isa = PBXGroup;
			children = (
				4C36E57A27E626F900EA1E35 /* ViewModel */,
				4C36E57327E61D9600EA1E35 /* View */,
			);
			path = TodoList;
			sourceTree = "<group>";
		};
		4C36E57327E61D9600EA1E35 /* View */ = {
			isa = PBXGroup;
			children = (
				4C36E57427E61ED900EA1E35 /* TodoListController.swift */,
			);
			path = View;
			sourceTree = "<group>";
		};
		4C36E57627E622C100EA1E35 /* CallList */ = {
			isa = PBXGroup;
			children = (
				4C36E57727E622DD00EA1E35 /* View */,
			);
			path = CallList;
			sourceTree = "<group>";
		};
		4C36E57727E622DD00EA1E35 /* View */ = {
			isa = PBXGroup;
			children = (
				4C36E57827E622F700EA1E35 /* CallListController.swift */,
			);
			path = View;
			sourceTree = "<group>";
		};
		4C36E57A27E626F900EA1E35 /* ViewModel */ = {
			isa = PBXGroup;
			children = (
				4C36E57B27E627FC00EA1E35 /* TodoListViewModel.swift */,
			);
			path = ViewModel;
			sourceTree = "<group>";
		};
		4C36E57D27E62C7E00EA1E35 /* DIContainer */ = {
			isa = PBXGroup;
			children = (
				4C36E57E27E62C8B00EA1E35 /* AppDIContainer.swift */,
				4C36E58027E62CC500EA1E35 /* TodoAppSceneDIContainer.swift */,
			);
			path = DIContainer;
			sourceTree = "<group>";
		};
		4C36E58227E62CEF00EA1E35 /* Flow */ = {
			isa = PBXGroup;
			children = (
				4C36E58327E62D2400EA1E35 /* TodoListFlowCoordinator.swift */,
			);
			path = Flow;
			sourceTree = "<group>";
		};
		4C771EBB27E614D80071B8CC = {
			isa = PBXGroup;
			children = (
				4C771EC627E614D80071B8CC /* TodoApp */,
				4C771EE027E614D90071B8CC /* TodoAppTests */,
				4C771EEA27E614DA0071B8CC /* TodoAppUITests */,
				4C771EC527E614D80071B8CC /* Products */,
			);
			sourceTree = "<group>";
		};
		4C771EC527E614D80071B8CC /* Products */ = {
			isa = PBXGroup;
			children = (
				4C771EC427E614D80071B8CC /* TodoApp.app */,
				4C771EDD27E614D90071B8CC /* TodoAppTests.xctest */,
				4C771EE727E614DA0071B8CC /* TodoAppUITests.xctest */,
			);
			name = Products;
			sourceTree = "<group>";
		};
		4C771EC627E614D80071B8CC /* TodoApp */ = {
			isa = PBXGroup;
			children = (
				4C36E56C27E61C6300EA1E35 /* Application */,
				4C36E56B27E61C6000EA1E35 /* Presentation */,
				4C36E56A27E61C5B00EA1E35 /* Domain */,
				4C36E56927E61C5700EA1E35 /* Data */,
				4C36E56827E61C4800EA1E35 /* Network */,
				4C36E56727E61C3C00EA1E35 /* Common */,
				4C36E56627E61C2500EA1E35 /* Resources */,
				4C771EC727E614D80071B8CC /* AppDelegate.swift */,
				4C771EC927E614D80071B8CC /* SceneDelegate.swift */,
				4C771ECB27E614D80071B8CC /* ViewController.swift */,
				4C771ECD27E614D80071B8CC /* Main.storyboard */,
				4C771ED327E614D90071B8CC /* Assets.xcassets */,
				4C771ED527E614D90071B8CC /* LaunchScreen.storyboard */,
				4C771ED827E614D90071B8CC /* Info.plist */,
				4C771ED027E614D80071B8CC /* TodoApp.xcdatamodeld */,
			);
			path = TodoApp;
			sourceTree = "<group>";
		};
		4C771EE027E614D90071B8CC /* TodoAppTests */ = {
			isa = PBXGroup;
			children = (
				4C771EE127E614D90071B8CC /* TodoAppTests.swift */,
			);
			path = TodoAppTests;
			sourceTree = "<group>";
		};
		4C771EEA27E614DA0071B8CC /* TodoAppUITests */ = {
			isa = PBXGroup;
			children = (
				4C771EEB27E614DA0071B8CC /* TodoAppUITests.swift */,
				4C771EED27E614DA0071B8CC /* TodoAppUITestsLaunchTests.swift */,
			);
			path = TodoAppUITests;
			sourceTree = "<group>";
		};
/* End PBXGroup section */

/* Begin PBXNativeTarget section */
		4C771EC327E614D80071B8CC /* TodoApp */ = {
			isa = PBXNativeTarget;
			buildConfigurationList = 4C771EF127E614DA0071B8CC /* Build configuration list for PBXNativeTarget "TodoApp" */;
			buildPhases = (
				4C771EC027E614D80071B8CC /* Sources */,
				4C771EC127E614D80071B8CC /* Frameworks */,
				4C771EC227E614D80071B8CC /* Resources */,
			);
			buildRules = (
			);
			dependencies = (
			);
			name = TodoApp;
			productName = TodoApp;
			productReference = 4C771EC427E614D80071B8CC /* TodoApp.app */;
			productType = "com.apple.product-type.application";
		};
		4C771EDC27E614D90071B8CC /* TodoAppTests */ = {
			isa = PBXNativeTarget;
			buildConfigurationList = 4C771EF427E614DA0071B8CC /* Build configuration list for PBXNativeTarget "TodoAppTests" */;
			buildPhases = (
				4C771ED927E614D90071B8CC /* Sources */,
				4C771EDA27E614D90071B8CC /* Frameworks */,
				4C771EDB27E614D90071B8CC /* Resources */,
			);
			buildRules = (
			);
			dependencies = (
				4C771EDF27E614D90071B8CC /* PBXTargetDependency */,
			);
			name = TodoAppTests;
			productName = TodoAppTests;
			productReference = 4C771EDD27E614D90071B8CC /* TodoAppTests.xctest */;
			productType = "com.apple.product-type.bundle.unit-test";
		};
		4C771EE627E614DA0071B8CC /* TodoAppUITests */ = {
			isa = PBXNativeTarget;
			buildConfigurationList = 4C771EF727E614DA0071B8CC /* Build configuration list for PBXNativeTarget "TodoAppUITests" */;
			buildPhases = (
				4C771EE327E614DA0071B8CC /* Sources */,
				4C771EE427E614DA0071B8CC /* Frameworks */,
				4C771EE527E614DA0071B8CC /* Resources */,
			);
			buildRules = (
			);
			dependencies = (
				4C771EE927E614DA0071B8CC /* PBXTargetDependency */,
			);
			name = TodoAppUITests;
			productName = TodoAppUITests;
			productReference = 4C771EE727E614DA0071B8CC /* TodoAppUITests.xctest */;
			productType = "com.apple.product-type.bundle.ui-testing";
		};
/* End PBXNativeTarget section */

/* Begin PBXProject section */
		4C771EBC27E614D80071B8CC /* Project object */ = {
			isa = PBXProject;
			attributes = {
				BuildIndependentTargetsInParallel = 1;
				LastSwiftUpdateCheck = 1330;
				LastUpgradeCheck = 1330;
				TargetAttributes = {
					4C771EC327E614D80071B8CC = {
						CreatedOnToolsVersion = 13.3;
					};
					4C771EDC27E614D90071B8CC = {
						CreatedOnToolsVersion = 13.3;
						TestTargetID = 4C771EC327E614D80071B8CC;
					};
					4C771EE627E614DA0071B8CC = {
						CreatedOnToolsVersion = 13.3;
						TestTargetID = 4C771EC327E614D80071B8CC;
					};
				};
			};
			buildConfigurationList = 4C771EBF27E614D80071B8CC /* Build configuration list for PBXProject "TodoApp" */;
			compatibilityVersion = "Xcode 13.0";
			developmentRegion = en;
			hasScannedForEncodings = 0;
			knownRegions = (
				en,
				Base,
			);
			mainGroup = 4C771EBB27E614D80071B8CC;
			productRefGroup = 4C771EC527E614D80071B8CC /* Products */;
			projectDirPath = "";
			projectRoot = "";
			targets = (
				4C771EC327E614D80071B8CC /* TodoApp */,
				4C771EDC27E614D90071B8CC /* TodoAppTests */,
				4C771EE627E614DA0071B8CC /* TodoAppUITests */,
			);
		};
/* End PBXProject section */

/* Begin PBXResourcesBuildPhase section */
		4C771EC227E614D80071B8CC /* Resources */ = {
			isa = PBXResourcesBuildPhase;
			buildActionMask = 2147483647;
			files = (
				4C771ED727E614D90071B8CC /* LaunchScreen.storyboard in Resources */,
				4C771ED427E614D90071B8CC /* Assets.xcassets in Resources */,
				4C771ECF27E614D80071B8CC /* Main.storyboard in Resources */,
			);
			runOnlyForDeploymentPostprocessing = 0;
		};
		4C771EDB27E614D90071B8CC /* Resources */ = {
			isa = PBXResourcesBuildPhase;
			buildActionMask = 2147483647;
			files = (
			);
			runOnlyForDeploymentPostprocessing = 0;
		};
		4C771EE527E614DA0071B8CC /* Resources */ = {
			isa = PBXResourcesBuildPhase;
			buildActionMask = 2147483647;
			files = (
			);
			runOnlyForDeploymentPostprocessing = 0;
		};
/* End PBXResourcesBuildPhase section */

/* Begin PBXSourcesBuildPhase section */
		4C771EC027E614D80071B8CC /* Sources */ = {
			isa = PBXSourcesBuildPhase;
			buildActionMask = 2147483647;
			files = (
				4C83351927E6D98E00A2299F /* NetworkConfig.swift in Sources */,
				4C36E57C27E627FC00EA1E35 /* TodoListViewModel.swift in Sources */,
				4C36E58127E62CC500EA1E35 /* TodoAppSceneDIContainer.swift in Sources */,
				4C36E58427E62D2400EA1E35 /* TodoListFlowCoordinator.swift in Sources */,
				4C83351B27E6DAA000A2299F /* Endpoint.swift in Sources */,
				4C36E57127E61CE800EA1E35 /* Extensions.swift in Sources */,
				4C36E58627E62F0600EA1E35 /* AppFlowCoordinator.swift in Sources */,
				4C771ECC27E614D80071B8CC /* ViewController.swift in Sources */,
				4C771EC827E614D80071B8CC /* AppDelegate.swift in Sources */,
				4C36E57527E61ED900EA1E35 /* TodoListController.swift in Sources */,
				4C83351D27E6DB4500A2299F /* NetworkService.swift in Sources */,
				4C771ECA27E614D80071B8CC /* SceneDelegate.swift in Sources */,
				4C771ED227E614D80071B8CC /* TodoApp.xcdatamodeld in Sources */,
				4C83351727E6D8A200A2299F /* AppConfig.swift in Sources */,
				4C36E57927E622F700EA1E35 /* CallListController.swift in Sources */,
				4C36E57F27E62C8B00EA1E35 /* AppDIContainer.swift in Sources */,
				4C83351F27E6DB5600A2299F /* DataTransferService.swift in Sources */,
			);
			runOnlyForDeploymentPostprocessing = 0;
		};
		4C771ED927E614D90071B8CC /* Sources */ = {
			isa = PBXSourcesBuildPhase;
			buildActionMask = 2147483647;
			files = (
				4C771EE227E614D90071B8CC /* TodoAppTests.swift in Sources */,
			);
			runOnlyForDeploymentPostprocessing = 0;
		};
		4C771EE327E614DA0071B8CC /* Sources */ = {
			isa = PBXSourcesBuildPhase;
			buildActionMask = 2147483647;
			files = (
				4C771EEE27E614DA0071B8CC /* TodoAppUITestsLaunchTests.swift in Sources */,
				4C771EEC27E614DA0071B8CC /* TodoAppUITests.swift in Sources */,
			);
			runOnlyForDeploymentPostprocessing = 0;
		};
/* End PBXSourcesBuildPhase section */

/* Begin PBXTargetDependency section */
		4C771EDF27E614D90071B8CC /* PBXTargetDependency */ = {
			isa = PBXTargetDependency;
			target = 4C771EC327E614D80071B8CC /* TodoApp */;
			targetProxy = 4C771EDE27E614D90071B8CC /* PBXContainerItemProxy */;
		};
		4C771EE927E614DA0071B8CC /* PBXTargetDependency */ = {
			isa = PBXTargetDependency;
			target = 4C771EC327E614D80071B8CC /* TodoApp */;
			targetProxy = 4C771EE827E614DA0071B8CC /* PBXContainerItemProxy */;
		};
/* End PBXTargetDependency section */

/* Begin PBXVariantGroup section */
		4C771ECD27E614D80071B8CC /* Main.storyboard */ = {
			isa = PBXVariantGroup;
			children = (
				4C771ECE27E614D80071B8CC /* Base */,
			);
			name = Main.storyboard;
			sourceTree = "<group>";
		};
		4C771ED527E614D90071B8CC /* LaunchScreen.storyboard */ = {
			isa = PBXVariantGroup;
			children = (
				4C771ED627E614D90071B8CC /* Base */,
			);
			name = LaunchScreen.storyboard;
			sourceTree = "<group>";
		};
/* End PBXVariantGroup section */

/* Begin XCBuildConfiguration section */
		4C771EEF27E614DA0071B8CC /* Debug */ = {
			isa = XCBuildConfiguration;
			buildSettings = {
				ALWAYS_SEARCH_USER_PATHS = NO;
				CLANG_ANALYZER_NONNULL = YES;
				CLANG_ANALYZER_NUMBER_OBJECT_CONVERSION = YES_AGGRESSIVE;
				CLANG_CXX_LANGUAGE_STANDARD = "gnu++17";
				CLANG_ENABLE_MODULES = YES;
				CLANG_ENABLE_OBJC_ARC = YES;
				CLANG_ENABLE_OBJC_WEAK = YES;
				CLANG_WARN_BLOCK_CAPTURE_AUTORELEASING = YES;
				CLANG_WARN_BOOL_CONVERSION = YES;
				CLANG_WARN_COMMA = YES;
				CLANG_WARN_CONSTANT_CONVERSION = YES;
				CLANG_WARN_DEPRECATED_OBJC_IMPLEMENTATIONS = YES;
				CLANG_WARN_DIRECT_OBJC_ISA_USAGE = YES_ERROR;
				CLANG_WARN_DOCUMENTATION_COMMENTS = YES;
				CLANG_WARN_EMPTY_BODY = YES;
				CLANG_WARN_ENUM_CONVERSION = YES;
				CLANG_WARN_INFINITE_RECURSION = YES;
				CLANG_WARN_INT_CONVERSION = YES;
				CLANG_WARN_NON_LITERAL_NULL_CONVERSION = YES;
				CLANG_WARN_OBJC_IMPLICIT_RETAIN_SELF = YES;
				CLANG_WARN_OBJC_LITERAL_CONVERSION = YES;
				CLANG_WARN_OBJC_ROOT_CLASS = YES_ERROR;
				CLANG_WARN_QUOTED_INCLUDE_IN_FRAMEWORK_HEADER = YES;
				CLANG_WARN_RANGE_LOOP_ANALYSIS = YES;
				CLANG_WARN_STRICT_PROTOTYPES = YES;
				CLANG_WARN_SUSPICIOUS_MOVE = YES;
				CLANG_WARN_UNGUARDED_AVAILABILITY = YES_AGGRESSIVE;
				CLANG_WARN_UNREACHABLE_CODE = YES;
				CLANG_WARN__DUPLICATE_METHOD_MATCH = YES;
				COPY_PHASE_STRIP = NO;
				DEBUG_INFORMATION_FORMAT = dwarf;
				ENABLE_STRICT_OBJC_MSGSEND = YES;
				ENABLE_TESTABILITY = YES;
				GCC_C_LANGUAGE_STANDARD = gnu11;
				GCC_DYNAMIC_NO_PIC = NO;
				GCC_NO_COMMON_BLOCKS = YES;
				GCC_OPTIMIZATION_LEVEL = 0;
				GCC_PREPROCESSOR_DEFINITIONS = (
					"DEBUG=1",
					"$(inherited)",
				);
				GCC_WARN_64_TO_32_BIT_CONVERSION = YES;
				GCC_WARN_ABOUT_RETURN_TYPE = YES_ERROR;
				GCC_WARN_UNDECLARED_SELECTOR = YES;
				GCC_WARN_UNINITIALIZED_AUTOS = YES_AGGRESSIVE;
				GCC_WARN_UNUSED_FUNCTION = YES;
				GCC_WARN_UNUSED_VARIABLE = YES;
				IPHONEOS_DEPLOYMENT_TARGET = 15.4;
				MTL_ENABLE_DEBUG_INFO = INCLUDE_SOURCE;
				MTL_FAST_MATH = YES;
				ONLY_ACTIVE_ARCH = YES;
				SDKROOT = iphoneos;
				SWIFT_ACTIVE_COMPILATION_CONDITIONS = DEBUG;
				SWIFT_OPTIMIZATION_LEVEL = "-Onone";
			};
			name = Debug;
		};
		4C771EF027E614DA0071B8CC /* Release */ = {
			isa = XCBuildConfiguration;
			buildSettings = {
				ALWAYS_SEARCH_USER_PATHS = NO;
				CLANG_ANALYZER_NONNULL = YES;
				CLANG_ANALYZER_NUMBER_OBJECT_CONVERSION = YES_AGGRESSIVE;
				CLANG_CXX_LANGUAGE_STANDARD = "gnu++17";
				CLANG_ENABLE_MODULES = YES;
				CLANG_ENABLE_OBJC_ARC = YES;
				CLANG_ENABLE_OBJC_WEAK = YES;
				CLANG_WARN_BLOCK_CAPTURE_AUTORELEASING = YES;
				CLANG_WARN_BOOL_CONVERSION = YES;
				CLANG_WARN_COMMA = YES;
				CLANG_WARN_CONSTANT_CONVERSION = YES;
				CLANG_WARN_DEPRECATED_OBJC_IMPLEMENTATIONS = YES;
				CLANG_WARN_DIRECT_OBJC_ISA_USAGE = YES_ERROR;
				CLANG_WARN_DOCUMENTATION_COMMENTS = YES;
				CLANG_WARN_EMPTY_BODY = YES;
				CLANG_WARN_ENUM_CONVERSION = YES;
				CLANG_WARN_INFINITE_RECURSION = YES;
				CLANG_WARN_INT_CONVERSION = YES;
				CLANG_WARN_NON_LITERAL_NULL_CONVERSION = YES;
				CLANG_WARN_OBJC_IMPLICIT_RETAIN_SELF = YES;
				CLANG_WARN_OBJC_LITERAL_CONVERSION = YES;
				CLANG_WARN_OBJC_ROOT_CLASS = YES_ERROR;
				CLANG_WARN_QUOTED_INCLUDE_IN_FRAMEWORK_HEADER = YES;
				CLANG_WARN_RANGE_LOOP_ANALYSIS = YES;
				CLANG_WARN_STRICT_PROTOTYPES = YES;
				CLANG_WARN_SUSPICIOUS_MOVE = YES;
				CLANG_WARN_UNGUARDED_AVAILABILITY = YES_AGGRESSIVE;
				CLANG_WARN_UNREACHABLE_CODE = YES;
				CLANG_WARN__DUPLICATE_METHOD_MATCH = YES;
				COPY_PHASE_STRIP = NO;
				DEBUG_INFORMATION_FORMAT = "dwarf-with-dsym";
				ENABLE_NS_ASSERTIONS = NO;
				ENABLE_STRICT_OBJC_MSGSEND = YES;
				GCC_C_LANGUAGE_STANDARD = gnu11;
				GCC_NO_COMMON_BLOCKS = YES;
				GCC_WARN_64_TO_32_BIT_CONVERSION = YES;
				GCC_WARN_ABOUT_RETURN_TYPE = YES_ERROR;
				GCC_WARN_UNDECLARED_SELECTOR = YES;
				GCC_WARN_UNINITIALIZED_AUTOS = YES_AGGRESSIVE;
				GCC_WARN_UNUSED_FUNCTION = YES;
				GCC_WARN_UNUSED_VARIABLE = YES;
				IPHONEOS_DEPLOYMENT_TARGET = 15.4;
				MTL_ENABLE_DEBUG_INFO = NO;
				MTL_FAST_MATH = YES;
				SDKROOT = iphoneos;
				SWIFT_COMPILATION_MODE = wholemodule;
				SWIFT_OPTIMIZATION_LEVEL = "-O";
				VALIDATE_PRODUCT = YES;
			};
			name = Release;
		};
		4C771EF227E614DA0071B8CC /* Debug */ = {
			isa = XCBuildConfiguration;
			buildSettings = {
				ASSETCATALOG_COMPILER_APPICON_NAME = AppIcon;
				ASSETCATALOG_COMPILER_GLOBAL_ACCENT_COLOR_NAME = AccentColor;
				CODE_SIGN_STYLE = Automatic;
				CURRENT_PROJECT_VERSION = 1;
				GENERATE_INFOPLIST_FILE = YES;
				INFOPLIST_FILE = TodoApp/Info.plist;
				INFOPLIST_KEY_UIApplicationSupportsIndirectInputEvents = YES;
				INFOPLIST_KEY_UILaunchStoryboardName = LaunchScreen;
				INFOPLIST_KEY_UIMainStoryboardFile = Main;
				INFOPLIST_KEY_UISupportedInterfaceOrientations_iPad = "UIInterfaceOrientationPortrait UIInterfaceOrientationPortraitUpsideDown UIInterfaceOrientationLandscapeLeft UIInterfaceOrientationLandscapeRight";
				INFOPLIST_KEY_UISupportedInterfaceOrientations_iPhone = "UIInterfaceOrientationPortrait UIInterfaceOrientationLandscapeLeft UIInterfaceOrientationLandscapeRight";
				LD_RUNPATH_SEARCH_PATHS = (
					"$(inherited)",
					"@executable_path/Frameworks",
				);
				MARKETING_VERSION = 1.0;
				PRODUCT_BUNDLE_IDENTIFIER = com.khoapham.TodoApp;
				PRODUCT_NAME = "$(TARGET_NAME)";
				SWIFT_EMIT_LOC_STRINGS = YES;
				SWIFT_VERSION = 5.0;
				TARGETED_DEVICE_FAMILY = 1;
			};
			name = Debug;
		};
		4C771EF327E614DA0071B8CC /* Release */ = {
			isa = XCBuildConfiguration;
			buildSettings = {
				ASSETCATALOG_COMPILER_APPICON_NAME = AppIcon;
				ASSETCATALOG_COMPILER_GLOBAL_ACCENT_COLOR_NAME = AccentColor;
				CODE_SIGN_STYLE = Automatic;
				CURRENT_PROJECT_VERSION = 1;
				GENERATE_INFOPLIST_FILE = YES;
				INFOPLIST_FILE = TodoApp/Info.plist;
				INFOPLIST_KEY_UIApplicationSupportsIndirectInputEvents = YES;
				INFOPLIST_KEY_UILaunchStoryboardName = LaunchScreen;
				INFOPLIST_KEY_UIMainStoryboardFile = Main;
				INFOPLIST_KEY_UISupportedInterfaceOrientations_iPad = "UIInterfaceOrientationPortrait UIInterfaceOrientationPortraitUpsideDown UIInterfaceOrientationLandscapeLeft UIInterfaceOrientationLandscapeRight";
				INFOPLIST_KEY_UISupportedInterfaceOrientations_iPhone = "UIInterfaceOrientationPortrait UIInterfaceOrientationLandscapeLeft UIInterfaceOrientationLandscapeRight";
				LD_RUNPATH_SEARCH_PATHS = (
					"$(inherited)",
					"@executable_path/Frameworks",
				);
				MARKETING_VERSION = 1.0;
				PRODUCT_BUNDLE_IDENTIFIER = com.khoapham.TodoApp;
				PRODUCT_NAME = "$(TARGET_NAME)";
				SWIFT_EMIT_LOC_STRINGS = YES;
				SWIFT_VERSION = 5.0;
				TARGETED_DEVICE_FAMILY = 1;
			};
			name = Release;
		};
		4C771EF527E614DA0071B8CC /* Debug */ = {
			isa = XCBuildConfiguration;
			buildSettings = {
				ALWAYS_EMBED_SWIFT_STANDARD_LIBRARIES = YES;
				BUNDLE_LOADER = "$(TEST_HOST)";
				CODE_SIGN_STYLE = Automatic;
				CURRENT_PROJECT_VERSION = 1;
				GENERATE_INFOPLIST_FILE = YES;
				IPHONEOS_DEPLOYMENT_TARGET = 15.4;
				MARKETING_VERSION = 1.0;
				PRODUCT_BUNDLE_IDENTIFIER = com.khoapham.TodoAppTests;
				PRODUCT_NAME = "$(TARGET_NAME)";
				SWIFT_EMIT_LOC_STRINGS = NO;
				SWIFT_VERSION = 5.0;
				TARGETED_DEVICE_FAMILY = "1,2";
				TEST_HOST = "$(BUILT_PRODUCTS_DIR)/TodoApp.app/TodoApp";
			};
			name = Debug;
		};
		4C771EF627E614DA0071B8CC /* Release */ = {
			isa = XCBuildConfiguration;
			buildSettings = {
				ALWAYS_EMBED_SWIFT_STANDARD_LIBRARIES = YES;
				BUNDLE_LOADER = "$(TEST_HOST)";
				CODE_SIGN_STYLE = Automatic;
				CURRENT_PROJECT_VERSION = 1;
				GENERATE_INFOPLIST_FILE = YES;
				IPHONEOS_DEPLOYMENT_TARGET = 15.4;
				MARKETING_VERSION = 1.0;
				PRODUCT_BUNDLE_IDENTIFIER = com.khoapham.TodoAppTests;
				PRODUCT_NAME = "$(TARGET_NAME)";
				SWIFT_EMIT_LOC_STRINGS = NO;
				SWIFT_VERSION = 5.0;
				TARGETED_DEVICE_FAMILY = "1,2";
				TEST_HOST = "$(BUILT_PRODUCTS_DIR)/TodoApp.app/TodoApp";
			};
			name = Release;
		};
		4C771EF827E614DA0071B8CC /* Debug */ = {
			isa = XCBuildConfiguration;
			buildSettings = {
				ALWAYS_EMBED_SWIFT_STANDARD_LIBRARIES = YES;
				CODE_SIGN_STYLE = Automatic;
				CURRENT_PROJECT_VERSION = 1;
				GENERATE_INFOPLIST_FILE = YES;
				MARKETING_VERSION = 1.0;
				PRODUCT_BUNDLE_IDENTIFIER = com.khoapham.TodoAppUITests;
				PRODUCT_NAME = "$(TARGET_NAME)";
				SWIFT_EMIT_LOC_STRINGS = NO;
				SWIFT_VERSION = 5.0;
				TARGETED_DEVICE_FAMILY = "1,2";
				TEST_TARGET_NAME = TodoApp;
			};
			name = Debug;
		};
		4C771EF927E614DA0071B8CC /* Release */ = {
			isa = XCBuildConfiguration;
			buildSettings = {
				ALWAYS_EMBED_SWIFT_STANDARD_LIBRARIES = YES;
				CODE_SIGN_STYLE = Automatic;
				CURRENT_PROJECT_VERSION = 1;
				GENERATE_INFOPLIST_FILE = YES;
				MARKETING_VERSION = 1.0;
				PRODUCT_BUNDLE_IDENTIFIER = com.khoapham.TodoAppUITests;
				PRODUCT_NAME = "$(TARGET_NAME)";
				SWIFT_EMIT_LOC_STRINGS = NO;
				SWIFT_VERSION = 5.0;
				TARGETED_DEVICE_FAMILY = "1,2";
				TEST_TARGET_NAME = TodoApp;
			};
			name = Release;
		};
/* End XCBuildConfiguration section */

/* Begin XCConfigurationList section */
		4C771EBF27E614D80071B8CC /* Build configuration list for PBXProject "TodoApp" */ = {
			isa = XCConfigurationList;
			buildConfigurations = (
				4C771EEF27E614DA0071B8CC /* Debug */,
				4C771EF027E614DA0071B8CC /* Release */,
			);
			defaultConfigurationIsVisible = 0;
			defaultConfigurationName = Release;
		};
		4C771EF127E614DA0071B8CC /* Build configuration list for PBXNativeTarget "TodoApp" */ = {
			isa = XCConfigurationList;
			buildConfigurations = (
				4C771EF227E614DA0071B8CC /* Debug */,
				4C771EF327E614DA0071B8CC /* Release */,
			);
			defaultConfigurationIsVisible = 0;
			defaultConfigurationName = Release;
		};
		4C771EF427E614DA0071B8CC /* Build configuration list for PBXNativeTarget "TodoAppTests" */ = {
			isa = XCConfigurationList;
			buildConfigurations = (
				4C771EF527E614DA0071B8CC /* Debug */,
				4C771EF627E614DA0071B8CC /* Release */,
			);
			defaultConfigurationIsVisible = 0;
			defaultConfigurationName = Release;
		};
		4C771EF727E614DA0071B8CC /* Build configuration list for PBXNativeTarget "TodoAppUITests" */ = {
			isa = XCConfigurationList;
			buildConfigurations = (
				4C771EF827E614DA0071B8CC /* Debug */,
				4C771EF927E614DA0071B8CC /* Release */,
			);
			defaultConfigurationIsVisible = 0;
			defaultConfigurationName = Release;
		};
/* End XCConfigurationList section */

/* Begin XCVersionGroup section */
		4C771ED027E614D80071B8CC /* TodoApp.xcdatamodeld */ = {
			isa = XCVersionGroup;
			children = (
				4C771ED127E614D80071B8CC /* TodoApp.xcdatamodel */,
			);
			currentVersion = 4C771ED127E614D80071B8CC /* TodoApp.xcdatamodel */;
			path = TodoApp.xcdatamodeld;
			sourceTree = "<group>";
			versionGroupType = wrapper.xcdatamodel;
		};
/* End XCVersionGroup section */
	};
	rootObject = 4C771EBC27E614D80071B8CC /* Project object */;
}
